
Microsoft Visual Studio Solution File, Format Version 12.00
# Visual Studio Version 16
VisualStudioVersion = 16.0.29709.97
MinimumVisualStudioVersion = 10.0.40219.1
Project("{2150E333-8FDC-42A3-9474-1A3956D46DE8}") = "Core", "Core", "{273FCFFA-3479-4224-BA75-95552598EAF7}"
EndProject
Project("{2150E333-8FDC-42A3-9474-1A3956D46DE8}") = "NSubstitute", "NSubstitute", "{F29B8206-A8CC-4264-B4C9-BB19F85CEC7F}"
EndProject
Project("{2150E333-8FDC-42A3-9474-1A3956D46DE8}") = "Moq", "Moq", "{56B07962-01C3-48D5-B795-C29C2BCAB41B}"
EndProject
Project("{9A19103F-16F7-4668-BE54-9A1E7A4F7556}") = "ArrangeContext.Core", "Core\ArrangeContext.Core\ArrangeContext.Core.csproj", "{4EB37EB8-515B-4BCA-A1B9-E53F82019E2F}"
EndProject
Project("{9A19103F-16F7-4668-BE54-9A1E7A4F7556}") = "ArrangeContext.Core.Tests", "Core\ArrangeContext.Core.Tests\ArrangeContext.Core.Tests.csproj", "{6E571943-63E1-43D9-9B97-9273170B096F}"
EndProject
Project("{9A19103F-16F7-4668-BE54-9A1E7A4F7556}") = "ArrangeContext.Moq", "Moq\ArrangeContext.Moq\ArrangeContext.Moq.csproj", "{CEB2EAB1-1F2D-4E3C-B93B-DCA9F0BE1478}"
EndProject
Project("{9A19103F-16F7-4668-BE54-9A1E7A4F7556}") = "ArrangeContext.Moq.Tests", "Moq\ArrangeContext.Moq.Tests\ArrangeContext.Moq.Tests.csproj", "{3F67AC4D-9AD3-4656-8A21-C4607E0B6F45}"
EndProject
Project("{9A19103F-16F7-4668-BE54-9A1E7A4F7556}") = "ArrangeContext.NSubstitute", "NSubstitute\ArrangeContext.NSubstitute\ArrangeContext.NSubstitute.csproj", "{CD6B817D-9A61-48E5-B007-C1DA7DD3C78D}"
EndProject
Project("{9A19103F-16F7-4668-BE54-9A1E7A4F7556}") = "ArrangeContext.NSubstitute.Tests", "NSubstitute\ArrangeContext.NSubstitute.Tests\ArrangeContext.NSubstitute.Tests.csproj", "{F0A16052-E144-4E80-9538-C560C8551D5B}"
EndProject
Project("{2150E333-8FDC-42A3-9474-1A3956D46DE8}") = "RhinoMocks", "RhinoMocks", "{8B57D9E7-CF33-4009-AD2A-3D0F8BAF3E2B}"
EndProject
Project("{9A19103F-16F7-4668-BE54-9A1E7A4F7556}") = "ArrangeContext.RhinoMocks", "RhinoMocks\ArrangeContext.RhinoMocks\ArrangeContext.RhinoMocks.csproj", "{D992FF0B-8401-412B-AB9B-D5DF65979450}"
EndProject
Project("{9A19103F-16F7-4668-BE54-9A1E7A4F7556}") = "ArrangeContext.RhinoMocks.Tests", "RhinoMocks\ArrangeContext.RhinoMocks.Tests\ArrangeContext.RhinoMocks.Tests.csproj", "{DBDC96E3-7648-4600-B118-84F34F5BE033}"
EndProject
Project("{2150E333-8FDC-42A3-9474-1A3956D46DE8}") = "FakeItEasy", "FakeItEasy", "{AC8F505F-C282-41E1-9112-05F562C0891B}"
EndProject
Project("{9A19103F-16F7-4668-BE54-9A1E7A4F7556}") = "ArrangeContext.FakeItEasy", "FakeItEasy\ArrangeContext.FakeItEasy\ArrangeContext.FakeItEasy.csproj", "{CDDD2F97-6FBE-4807-B84F-A08B12EE2C0F}"
EndProject
Project("{9A19103F-16F7-4668-BE54-9A1E7A4F7556}") = "ArrangeContext.FakeItEasy.Tests", "FakeItEasy\ArrangeContext.FakeItEasy.Tests\ArrangeContext.FakeItEasy.Tests.csproj", "{C7D60FC6-A770-4191-AFCB-29E48176C1CD}"
EndProject
Project("{9A19103F-16F7-4668-BE54-9A1E7A4F7556}") = "ArrangeContext.Build", "..\build\ArrangeContext.Build.csproj", "{D1A5FDFB-3A00-4D98-BEB4-72C110E00661}"
EndProject
Global
	GlobalSection(SolutionConfigurationPlatforms) = preSolution
		Debug|Any CPU = Debug|Any CPU
		Release|Any CPU = Release|Any CPU
	EndGlobalSection
	GlobalSection(ProjectConfigurationPlatforms) = postSolution
		{4EB37EB8-515B-4BCA-A1B9-E53F82019E2F}.Debug|Any CPU.ActiveCfg = Debug|Any CPU
		{4EB37EB8-515B-4BCA-A1B9-E53F82019E2F}.Debug|Any CPU.Build.0 = Debug|Any CPU
		{4EB37EB8-515B-4BCA-A1B9-E53F82019E2F}.Release|Any CPU.ActiveCfg = Release|Any CPU
		{4EB37EB8-515B-4BCA-A1B9-E53F82019E2F}.Release|Any CPU.Build.0 = Release|Any CPU
		{6E571943-63E1-43D9-9B97-9273170B096F}.Debug|Any CPU.ActiveCfg = Debug|Any CPU
		{6E571943-63E1-43D9-9B97-9273170B096F}.Debug|Any CPU.Build.0 = Debug|Any CPU
		{6E571943-63E1-43D9-9B97-9273170B096F}.Release|Any CPU.ActiveCfg = Release|Any CPU
		{6E571943-63E1-43D9-9B97-9273170B096F}.Release|Any CPU.Build.0 = Release|Any CPU
		{CEB2EAB1-1F2D-4E3C-B93B-DCA9F0BE1478}.Debug|Any CPU.ActiveCfg = Debug|Any CPU
		{CEB2EAB1-1F2D-4E3C-B93B-DCA9F0BE1478}.Debug|Any CPU.Build.0 = Debug|Any CPU
		{CEB2EAB1-1F2D-4E3C-B93B-DCA9F0BE1478}.Release|Any CPU.ActiveCfg = Release|Any CPU
		{CEB2EAB1-1F2D-4E3C-B93B-DCA9F0BE1478}.Release|Any CPU.Build.0 = Release|Any CPU
		{3F67AC4D-9AD3-4656-8A21-C4607E0B6F45}.Debug|Any CPU.ActiveCfg = Debug|Any CPU
		{3F67AC4D-9AD3-4656-8A21-C4607E0B6F45}.Debug|Any CPU.Build.0 = Debug|Any CPU
		{3F67AC4D-9AD3-4656-8A21-C4607E0B6F45}.Release|Any CPU.ActiveCfg = Release|Any CPU
		{3F67AC4D-9AD3-4656-8A21-C4607E0B6F45}.Release|Any CPU.Build.0 = Release|Any CPU
		{CD6B817D-9A61-48E5-B007-C1DA7DD3C78D}.Debug|Any CPU.ActiveCfg = Debug|Any CPU
		{CD6B817D-9A61-48E5-B007-C1DA7DD3C78D}.Debug|Any CPU.Build.0 = Debug|Any CPU
		{CD6B817D-9A61-48E5-B007-C1DA7DD3C78D}.Release|Any CPU.ActiveCfg = Release|Any CPU
		{CD6B817D-9A61-48E5-B007-C1DA7DD3C78D}.Release|Any CPU.Build.0 = Release|Any CPU
		{F0A16052-E144-4E80-9538-C560C8551D5B}.Debug|Any CPU.ActiveCfg = Debug|Any CPU
		{F0A16052-E144-4E80-9538-C560C8551D5B}.Debug|Any CPU.Build.0 = Debug|Any CPU
		{F0A16052-E144-4E80-9538-C560C8551D5B}.Release|Any CPU.ActiveCfg = Release|Any CPU
		{F0A16052-E144-4E80-9538-C560C8551D5B}.Release|Any CPU.Build.0 = Release|Any CPU
		{D992FF0B-8401-412B-AB9B-D5DF65979450}.Debug|Any CPU.ActiveCfg = Debug|Any CPU
		{D992FF0B-8401-412B-AB9B-D5DF65979450}.Debug|Any CPU.Build.0 = Debug|Any CPU
		{D992FF0B-8401-412B-AB9B-D5DF65979450}.Release|Any CPU.ActiveCfg = Release|Any CPU
		{D992FF0B-8401-412B-AB9B-D5DF65979450}.Release|Any CPU.Build.0 = Release|Any CPU
		{DBDC96E3-7648-4600-B118-84F34F5BE033}.Debug|Any CPU.ActiveCfg = Debug|Any CPU
		{DBDC96E3-7648-4600-B118-84F34F5BE033}.Debug|Any CPU.Build.0 = Debug|Any CPU
		{DBDC96E3-7648-4600-B118-84F34F5BE033}.Release|Any CPU.ActiveCfg = Release|Any CPU
		{DBDC96E3-7648-4600-B118-84F34F5BE033}.Release|Any CPU.Build.0 = Release|Any CPU
		{CDDD2F97-6FBE-4807-B84F-A08B12EE2C0F}.Debug|Any CPU.ActiveCfg = Debug|Any CPU
		{CDDD2F97-6FBE-4807-B84F-A08B12EE2C0F}.Debug|Any CPU.Build.0 = Debug|Any CPU
		{CDDD2F97-6FBE-4807-B84F-A08B12EE2C0F}.Release|Any CPU.ActiveCfg = Release|Any CPU
		{CDDD2F97-6FBE-4807-B84F-A08B12EE2C0F}.Release|Any CPU.Build.0 = Release|Any CPU
		{C7D60FC6-A770-4191-AFCB-29E48176C1CD}.Debug|Any CPU.ActiveCfg = Debug|Any CPU
		{C7D60FC6-A770-4191-AFCB-29E48176C1CD}.Debug|Any CPU.Build.0 = Debug|Any CPU
		{C7D60FC6-A770-4191-AFCB-29E48176C1CD}.Release|Any CPU.ActiveCfg = Release|Any CPU
		{C7D60FC6-A770-4191-AFCB-29E48176C1CD}.Release|Any CPU.Build.0 = Release|Any CPU
		{D1A5FDFB-3A00-4D98-BEB4-72C110E00661}.Debug|Any CPU.ActiveCfg = Debug|Any CPU
		{D1A5FDFB-3A00-4D98-BEB4-72C110E00661}.Release|Any CPU.ActiveCfg = Release|Any CPU
	EndGlobalSection
	GlobalSection(SolutionProperties) = preSolution
		HideSolutionNode = FALSE
	EndGlobalSection
	GlobalSection(NestedProjects) = preSolution
		{4EB37EB8-515B-4BCA-A1B9-E53F82019E2F} = {273FCFFA-3479-4224-BA75-95552598EAF7}
		{6E571943-63E1-43D9-9B97-9273170B096F} = {273FCFFA-3479-4224-BA75-95552598EAF7}
		{CEB2EAB1-1F2D-4E3C-B93B-DCA9F0BE1478} = {56B07962-01C3-48D5-B795-C29C2BCAB41B}
		{3F67AC4D-9AD3-4656-8A21-C4607E0B6F45} = {56B07962-01C3-48D5-B795-C29C2BCAB41B}
		{CD6B817D-9A61-48E5-B007-C1DA7DD3C78D} = {F29B8206-A8CC-4264-B4C9-BB19F85CEC7F}
		{F0A16052-E144-4E80-9538-C560C8551D5B} = {F29B8206-A8CC-4264-B4C9-BB19F85CEC7F}
		{D992FF0B-8401-412B-AB9B-D5DF65979450} = {8B57D9E7-CF33-4009-AD2A-3D0F8BAF3E2B}
		{DBDC96E3-7648-4600-B118-84F34F5BE033} = {8B57D9E7-CF33-4009-AD2A-3D0F8BAF3E2B}
		{CDDD2F97-6FBE-4807-B84F-A08B12EE2C0F} = {AC8F505F-C282-41E1-9112-05F562C0891B}
		{C7D60FC6-A770-4191-AFCB-29E48176C1CD} = {AC8F505F-C282-41E1-9112-05F562C0891B}
	EndGlobalSection
	GlobalSection(ExtensibilityGlobals) = postSolution
		SolutionGuid = {E8E0B819-E334-4523-B96A-0D4388FE99EA}
	EndGlobalSection
EndGlobal
